
Microsoft Visual Studio Solution File, Format Version 12.00
# Visual Studio Version 16
VisualStudioVersion = 16.0.30413.136
MinimumVisualStudioVersion = 10.0.40219.1
Project("{9A19103F-16F7-4668-BE54-9A1E7A4F7556}") = "InventorySystem", "InventorySystem\InventorySystem.csproj", "{0FE78866-685F-439F-8BCD-D460F2562567}"
EndProject
Global
	GlobalSection(SolutionConfigurationPlatforms) = preSolution
		Debug|Any CPU = Debug|Any CPU
		Release|Any CPU = Release|Any CPU
	EndGlobalSection
	GlobalSection(ProjectConfigurationPlatforms) = postSolution
		{0FE78866-685F-439F-8BCD-D460F2562567}.Debug|Any CPU.ActiveCfg = Debug|Any CPU
		{0FE78866-685F-439F-8BCD-D460F2562567}.Debug|Any CPU.Build.0 = Debug|Any CPU
		{0FE78866-685F-439F-8BCD-D460F2562567}.Release|Any CPU.ActiveCfg = Release|Any CPU
		{0FE78866-685F-439F-8BCD-D460F2562567}.Release|Any CPU.Build.0 = Release|Any CPU
	EndGlobalSection
	GlobalSection(SolutionProperties) = preSolution
		HideSolutionNode = FALSE
	EndGlobalSection
	GlobalSection(ExtensibilityGlobals) = postSolution
		SolutionGuid = {FC9AAA20-B6FF-48AB-9411-152D23538863}
	EndGlobalSection
EndGlobal
